// !$*UTF8*$!
{
	archiveVersion = 1;
	classes = {
	};
	objectVersion = 51;
	objects = {

/* Begin PBXBuildFile section */
		2DAF0D3D7937EC2EC276563E /* Pods_FileLoadTest.framework in Frameworks */ = {isa = PBXBuildFile; fileRef = 7B5DEF8D29A51BF0EF37980A /* Pods_FileLoadTest.framework */; };
		5D01FBFB23502D730003E320 /* BaseController.swift in Sources */ = {isa = PBXBuildFile; fileRef = 5D01FBFA23502D730003E320 /* BaseController.swift */; };
		5D01FBFF23506F420003E320 /* NSErrorConvenience.swift in Sources */ = {isa = PBXBuildFile; fileRef = 5D01FBFE23506F420003E320 /* NSErrorConvenience.swift */; };
		5D01FC02235073C10003E320 /* ParseImageFile.swift in Sources */ = {isa = PBXBuildFile; fileRef = 5D01FC01235073C10003E320 /* ParseImageFile.swift */; };
		5D01FC04235073D40003E320 /* ParseModelUtils.swift in Sources */ = {isa = PBXBuildFile; fileRef = 5D01FC03235073D40003E320 /* ParseModelUtils.swift */; };
		5D01FC2823507DE40003E320 /* Colors.swift in Sources */ = {isa = PBXBuildFile; fileRef = 5D01FC2723507DE40003E320 /* Colors.swift */; };
		5D01FC2B2350807A0003E320 /* ImageDetailViewController.swift in Sources */ = {isa = PBXBuildFile; fileRef = 5D01FC2A2350807A0003E320 /* ImageDetailViewController.swift */; };
		5D01FC2D235080AE0003E320 /* ImageDetailView.swift in Sources */ = {isa = PBXBuildFile; fileRef = 5D01FC2C235080AE0003E320 /* ImageDetailView.swift */; };
		5D95F0C7234F610C0032803E /* AppDelegate.swift in Sources */ = {isa = PBXBuildFile; fileRef = 5D95F0C6234F610C0032803E /* AppDelegate.swift */; };
		5D95F0D0234F61100032803E /* Assets.xcassets in Resources */ = {isa = PBXBuildFile; fileRef = 5D95F0CF234F61100032803E /* Assets.xcassets */; };
		5D95F0D3234F61100032803E /* LaunchScreen.storyboard in Resources */ = {isa = PBXBuildFile; fileRef = 5D95F0D1234F61100032803E /* LaunchScreen.storyboard */; };
		5D95F0DE234FF5960032803E /* StartScreenViewController.swift in Sources */ = {isa = PBXBuildFile; fileRef = 5D95F0DD234FF5960032803E /* StartScreenViewController.swift */; };
		5D95F0E0234FF59F0032803E /* StartScreenView.swift in Sources */ = {isa = PBXBuildFile; fileRef = 5D95F0DF234FF59F0032803E /* StartScreenView.swift */; };
		5D95F0E3234FF6F30032803E /* ImageLoaderService.swift in Sources */ = {isa = PBXBuildFile; fileRef = 5D95F0E2234FF6F30032803E /* ImageLoaderService.swift */; };
		5D95F0E5235022580032803E /* ImageFileModel.swift in Sources */ = {isa = PBXBuildFile; fileRef = 5D95F0E4235022580032803E /* ImageFileModel.swift */; };
/* End PBXBuildFile section */

/* Begin PBXFileReference section */
		0DB57C8E952585087CD67AE9 /* Pods-FileLoadTest.release.xcconfig */ = {isa = PBXFileReference; includeInIndex = 1; lastKnownFileType = text.xcconfig; name = "Pods-FileLoadTest.release.xcconfig"; path = "Target Support Files/Pods-FileLoadTest/Pods-FileLoadTest.release.xcconfig"; sourceTree = "<group>"; };
		5D01FBFA23502D730003E320 /* BaseController.swift */ = {isa = PBXFileReference; lastKnownFileType = sourcecode.swift; path = BaseController.swift; sourceTree = "<group>"; };
		5D01FBFE23506F420003E320 /* NSErrorConvenience.swift */ = {isa = PBXFileReference; lastKnownFileType = sourcecode.swift; path = NSErrorConvenience.swift; sourceTree = "<group>"; };
		5D01FC01235073C10003E320 /* ParseImageFile.swift */ = {isa = PBXFileReference; lastKnownFileType = sourcecode.swift; path = ParseImageFile.swift; sourceTree = "<group>"; };
		5D01FC03235073D40003E320 /* ParseModelUtils.swift */ = {isa = PBXFileReference; lastKnownFileType = sourcecode.swift; path = ParseModelUtils.swift; sourceTree = "<group>"; };
		5D01FC2723507DE40003E320 /* Colors.swift */ = {isa = PBXFileReference; lastKnownFileType = sourcecode.swift; path = Colors.swift; sourceTree = "<group>"; };
		5D01FC2A2350807A0003E320 /* ImageDetailViewController.swift */ = {isa = PBXFileReference; lastKnownFileType = sourcecode.swift; path = ImageDetailViewController.swift; sourceTree = "<group>"; };
		5D01FC2C235080AE0003E320 /* ImageDetailView.swift */ = {isa = PBXFileReference; lastKnownFileType = sourcecode.swift; path = ImageDetailView.swift; sourceTree = "<group>"; };
		5D95F0C3234F610C0032803E /* FileLoadTest.app */ = {isa = PBXFileReference; explicitFileType = wrapper.application; includeInIndex = 0; path = FileLoadTest.app; sourceTree = BUILT_PRODUCTS_DIR; };
		5D95F0C6234F610C0032803E /* AppDelegate.swift */ = {isa = PBXFileReference; lastKnownFileType = sourcecode.swift; path = AppDelegate.swift; sourceTree = "<group>"; };
		5D95F0CF234F61100032803E /* Assets.xcassets */ = {isa = PBXFileReference; lastKnownFileType = folder.assetcatalog; path = Assets.xcassets; sourceTree = "<group>"; };
		5D95F0D2234F61100032803E /* Base */ = {isa = PBXFileReference; lastKnownFileType = file.storyboard; name = Base; path = Base.lproj/LaunchScreen.storyboard; sourceTree = "<group>"; };
		5D95F0D4234F61100032803E /* Info.plist */ = {isa = PBXFileReference; lastKnownFileType = text.plist.xml; path = Info.plist; sourceTree = "<group>"; };
		5D95F0DD234FF5960032803E /* StartScreenViewController.swift */ = {isa = PBXFileReference; lastKnownFileType = sourcecode.swift; path = StartScreenViewController.swift; sourceTree = "<group>"; };
		5D95F0DF234FF59F0032803E /* StartScreenView.swift */ = {isa = PBXFileReference; lastKnownFileType = sourcecode.swift; path = StartScreenView.swift; sourceTree = "<group>"; };
		5D95F0E2234FF6F30032803E /* ImageLoaderService.swift */ = {isa = PBXFileReference; lastKnownFileType = sourcecode.swift; path = ImageLoaderService.swift; sourceTree = "<group>"; };
		5D95F0E4235022580032803E /* ImageFileModel.swift */ = {isa = PBXFileReference; lastKnownFileType = sourcecode.swift; path = ImageFileModel.swift; sourceTree = "<group>"; };
		7B5DEF8D29A51BF0EF37980A /* Pods_FileLoadTest.framework */ = {isa = PBXFileReference; explicitFileType = wrapper.framework; includeInIndex = 0; path = Pods_FileLoadTest.framework; sourceTree = BUILT_PRODUCTS_DIR; };
		CFDBCCBB9D7B9555FE3719B9 /* Pods-FileLoadTest.debug.xcconfig */ = {isa = PBXFileReference; includeInIndex = 1; lastKnownFileType = text.xcconfig; name = "Pods-FileLoadTest.debug.xcconfig"; path = "Target Support Files/Pods-FileLoadTest/Pods-FileLoadTest.debug.xcconfig"; sourceTree = "<group>"; };
/* End PBXFileReference section */

/* Begin PBXFrameworksBuildPhase section */
		5D95F0C0234F610C0032803E /* Frameworks */ = {
			isa = PBXFrameworksBuildPhase;
			buildActionMask = 2147483647;
			files = (
				2DAF0D3D7937EC2EC276563E /* Pods_FileLoadTest.framework in Frameworks */,
			);
			runOnlyForDeploymentPostprocessing = 0;
		};
/* End PBXFrameworksBuildPhase section */

/* Begin PBXGroup section */
		0465B6004CE488B6ACB72FB9 /* Pods */ = {
			isa = PBXGroup;
			children = (
				CFDBCCBB9D7B9555FE3719B9 /* Pods-FileLoadTest.debug.xcconfig */,
				0DB57C8E952585087CD67AE9 /* Pods-FileLoadTest.release.xcconfig */,
			);
			path = Pods;
			sourceTree = "<group>";
		};
		5D01FBFC23506F0C0003E320 /* Utilites */ = {
			isa = PBXGroup;
			children = (
				5D01FBFD23506F110003E320 /* Extensions */,
				5D01FC2723507DE40003E320 /* Colors.swift */,
			);
			path = Utilites;
			sourceTree = "<group>";
		};
		5D01FBFD23506F110003E320 /* Extensions */ = {
			isa = PBXGroup;
			children = (
				5D01FBFE23506F420003E320 /* NSErrorConvenience.swift */,
			);
			path = Extensions;
			sourceTree = "<group>";
		};
		5D01FC00235073BA0003E320 /* Backend */ = {
			isa = PBXGroup;
			children = (
				5D01FC01235073C10003E320 /* ParseImageFile.swift */,
				5D01FC03235073D40003E320 /* ParseModelUtils.swift */,
			);
			path = Backend;
			sourceTree = "<group>";
		};
		5D01FC292350806C0003E320 /* Image Detail Screen */ = {
			isa = PBXGroup;
			children = (
				5D01FC2A2350807A0003E320 /* ImageDetailViewController.swift */,
				5D01FC2C235080AE0003E320 /* ImageDetailView.swift */,
			);
			path = "Image Detail Screen";
			sourceTree = "<group>";
		};
		5D95F0BA234F610C0032803E = {
			isa = PBXGroup;
			children = (
				5D95F0C5234F610C0032803E /* FileLoadTest */,
				5D95F0C4234F610C0032803E /* Products */,
				0465B6004CE488B6ACB72FB9 /* Pods */,
				FB29C3754A67FDB21F7292C3 /* Frameworks */,
			);
			sourceTree = "<group>";
		};
		5D95F0C4234F610C0032803E /* Products */ = {
			isa = PBXGroup;
			children = (
				5D95F0C3234F610C0032803E /* FileLoadTest.app */,
			);
			name = Products;
			sourceTree = "<group>";
		};
		5D95F0C5234F610C0032803E /* FileLoadTest */ = {
			isa = PBXGroup;
			children = (
				5D01FC00235073BA0003E320 /* Backend */,
				5D01FBFC23506F0C0003E320 /* Utilites */,
				5D95F0E1234FF6E70032803E /* Services */,
				5D95F0DA234FF5640032803E /* Scenes */,
				5D95F0C6234F610C0032803E /* AppDelegate.swift */,
				5D95F0CF234F61100032803E /* Assets.xcassets */,
				5D95F0D1234F61100032803E /* LaunchScreen.storyboard */,
				5D95F0D4234F61100032803E /* Info.plist */,
			);
			path = FileLoadTest;
			sourceTree = "<group>";
		};
		5D95F0DA234FF5640032803E /* Scenes */ = {
			isa = PBXGroup;
			children = (
				5D01FC292350806C0003E320 /* Image Detail Screen */,
				5D95F0DC234FF5880032803E /* Strart Screen */,
				5D01FBFA23502D730003E320 /* BaseController.swift */,
			);
			path = Scenes;
			sourceTree = "<group>";
		};
		5D95F0DC234FF5880032803E /* Strart Screen */ = {
			isa = PBXGroup;
			children = (
				5D95F0DD234FF5960032803E /* StartScreenViewController.swift */,
				5D95F0DF234FF59F0032803E /* StartScreenView.swift */,
			);
			path = "Strart Screen";
			sourceTree = "<group>";
		};
		5D95F0E1234FF6E70032803E /* Services */ = {
			isa = PBXGroup;
			children = (
				5D95F0E2234FF6F30032803E /* ImageLoaderService.swift */,
				5D95F0E4235022580032803E /* ImageFileModel.swift */,
			);
			path = Services;
			sourceTree = "<group>";
		};
		FB29C3754A67FDB21F7292C3 /* Frameworks */ = {
			isa = PBXGroup;
			children = (
				7B5DEF8D29A51BF0EF37980A /* Pods_FileLoadTest.framework */,
			);
			name = Frameworks;
			sourceTree = "<group>";
		};
/* End PBXGroup section */

/* Begin PBXNativeTarget section */
		5D95F0C2234F610C0032803E /* FileLoadTest */ = {
			isa = PBXNativeTarget;
			buildConfigurationList = 5D95F0D7234F61100032803E /* Build configuration list for PBXNativeTarget "FileLoadTest" */;
			buildPhases = (
				E6D3373297D9CB55F00C414A /* [CP] Check Pods Manifest.lock */,
				5D95F0BF234F610C0032803E /* Sources */,
				5D95F0C0234F610C0032803E /* Frameworks */,
				5D95F0C1234F610C0032803E /* Resources */,
				58BA4D381FB928B8014A7DDD /* [CP] Embed Pods Frameworks */,
			);
			buildRules = (
			);
			dependencies = (
			);
			name = FileLoadTest;
			productName = FileLoadTest;
			productReference = 5D95F0C3234F610C0032803E /* FileLoadTest.app */;
			productType = "com.apple.product-type.application";
		};
/* End PBXNativeTarget section */

/* Begin PBXProject section */
		5D95F0BB234F610C0032803E /* Project object */ = {
			isa = PBXProject;
			attributes = {
				LastSwiftUpdateCheck = 1110;
				LastUpgradeCheck = 1110;
				ORGANIZATIONNAME = "EVGENY Oborin";
				TargetAttributes = {
					5D95F0C2234F610C0032803E = {
						CreatedOnToolsVersion = 11.1;
					};
				};
			};
			buildConfigurationList = 5D95F0BE234F610C0032803E /* Build configuration list for PBXProject "FileLoadTest" */;
			compatibilityVersion = "Xcode 9.3";
			developmentRegion = en;
			hasScannedForEncodings = 0;
			knownRegions = (
				en,
				Base,
			);
			mainGroup = 5D95F0BA234F610C0032803E;
			productRefGroup = 5D95F0C4234F610C0032803E /* Products */;
			projectDirPath = "";
			projectRoot = "";
			targets = (
				5D95F0C2234F610C0032803E /* FileLoadTest */,
			);
		};
/* End PBXProject section */

/* Begin PBXResourcesBuildPhase section */
		5D95F0C1234F610C0032803E /* Resources */ = {
			isa = PBXResourcesBuildPhase;
			buildActionMask = 2147483647;
			files = (
				5D95F0D3234F61100032803E /* LaunchScreen.storyboard in Resources */,
				5D95F0D0234F61100032803E /* Assets.xcassets in Resources */,
			);
			runOnlyForDeploymentPostprocessing = 0;
		};
/* End PBXResourcesBuildPhase section */

/* Begin PBXShellScriptBuildPhase section */
		58BA4D381FB928B8014A7DDD /* [CP] Embed Pods Frameworks */ = {
			isa = PBXShellScriptBuildPhase;
			buildActionMask = 2147483647;
			files = (
			);
			inputFileListPaths = (
				"${PODS_ROOT}/Target Support Files/Pods-FileLoadTest/Pods-FileLoadTest-frameworks-${CONFIGURATION}-input-files.xcfilelist",
			);
			name = "[CP] Embed Pods Frameworks";
			outputFileListPaths = (
				"${PODS_ROOT}/Target Support Files/Pods-FileLoadTest/Pods-FileLoadTest-frameworks-${CONFIGURATION}-output-files.xcfilelist",
			);
			runOnlyForDeploymentPostprocessing = 0;
			shellPath = /bin/sh;
			shellScript = "\"${PODS_ROOT}/Target Support Files/Pods-FileLoadTest/Pods-FileLoadTest-frameworks.sh\"\n";
			showEnvVarsInLog = 0;
		};
		E6D3373297D9CB55F00C414A /* [CP] Check Pods Manifest.lock */ = {
			isa = PBXShellScriptBuildPhase;
			buildActionMask = 2147483647;
			files = (
			);
			inputFileListPaths = (
			);
			inputPaths = (
				"${PODS_PODFILE_DIR_PATH}/Podfile.lock",
				"${PODS_ROOT}/Manifest.lock",
			);
			name = "[CP] Check Pods Manifest.lock";
			outputFileListPaths = (
			);
			outputPaths = (
				"$(DERIVED_FILE_DIR)/Pods-FileLoadTest-checkManifestLockResult.txt",
			);
			runOnlyForDeploymentPostprocessing = 0;
			shellPath = /bin/sh;
			shellScript = "diff \"${PODS_PODFILE_DIR_PATH}/Podfile.lock\" \"${PODS_ROOT}/Manifest.lock\" > /dev/null\nif [ $? != 0 ] ; then\n    # print error to STDERR\n    echo \"error: The sandbox is not in sync with the Podfile.lock. Run 'pod install' or update your CocoaPods installation.\" >&2\n    exit 1\nfi\n# This output is used by Xcode 'outputs' to avoid re-running this script phase.\necho \"SUCCESS\" > \"${SCRIPT_OUTPUT_FILE_0}\"\n";
			showEnvVarsInLog = 0;
		};
/* End PBXShellScriptBuildPhase section */

/* Begin PBXSourcesBuildPhase section */
		5D95F0BF234F610C0032803E /* Sources */ = {
			isa = PBXSourcesBuildPhase;
			buildActionMask = 2147483647;
			files = (
				5D95F0E5235022580032803E /* ImageFileModel.swift in Sources */,
				5D01FC2823507DE40003E320 /* Colors.swift in Sources */,
				5D95F0E0234FF59F0032803E /* StartScreenView.swift in Sources */,
				5D01FBFF23506F420003E320 /* NSErrorConvenience.swift in Sources */,
				5D01FC02235073C10003E320 /* ParseImageFile.swift in Sources */,
				5D01FC2D235080AE0003E320 /* ImageDetailView.swift in Sources */,
				5D95F0C7234F610C0032803E /* AppDelegate.swift in Sources */,
				5D01FC04235073D40003E320 /* ParseModelUtils.swift in Sources */,
				5D95F0E3234FF6F30032803E /* ImageLoaderService.swift in Sources */,
				5D01FBFB23502D730003E320 /* BaseController.swift in Sources */,
				5D95F0DE234FF5960032803E /* StartScreenViewController.swift in Sources */,
				5D01FC2B2350807A0003E320 /* ImageDetailViewController.swift in Sources */,
			);
			runOnlyForDeploymentPostprocessing = 0;
		};
/* End PBXSourcesBuildPhase section */

/* Begin PBXVariantGroup section */
		5D95F0D1234F61100032803E /* LaunchScreen.storyboard */ = {
			isa = PBXVariantGroup;
			children = (
				5D95F0D2234F61100032803E /* Base */,
			);
			name = LaunchScreen.storyboard;
			sourceTree = "<group>";
		};
/* End PBXVariantGroup section */

/* Begin XCBuildConfiguration section */
		5D95F0D5234F61100032803E /* Debug */ = {
			isa = XCBuildConfiguration;
			buildSettings = {
				ALWAYS_SEARCH_USER_PATHS = NO;
				CLANG_ANALYZER_NONNULL = YES;
				CLANG_ANALYZER_NUMBER_OBJECT_CONVERSION = YES_AGGRESSIVE;
				CLANG_CXX_LANGUAGE_STANDARD = "gnu++14";
				CLANG_CXX_LIBRARY = "libc++";
				CLANG_ENABLE_MODULES = YES;
				CLANG_ENABLE_OBJC_ARC = YES;
				CLANG_ENABLE_OBJC_WEAK = YES;
				CLANG_WARN_BLOCK_CAPTURE_AUTORELEASING = YES;
				CLANG_WARN_BOOL_CONVERSION = YES;
				CLANG_WARN_COMMA = YES;
				CLANG_WARN_CONSTANT_CONVERSION = YES;
				CLANG_WARN_DEPRECATED_OBJC_IMPLEMENTATIONS = YES;
				CLANG_WARN_DIRECT_OBJC_ISA_USAGE = YES_ERROR;
				CLANG_WARN_DOCUMENTATION_COMMENTS = YES;
				CLANG_WARN_EMPTY_BODY = YES;
				CLANG_WARN_ENUM_CONVERSION = YES;
				CLANG_WARN_INFINITE_RECURSION = YES;
				CLANG_WARN_INT_CONVERSION = YES;
				CLANG_WARN_NON_LITERAL_NULL_CONVERSION = YES;
				CLANG_WARN_OBJC_IMPLICIT_RETAIN_SELF = YES;
				CLANG_WARN_OBJC_LITERAL_CONVERSION = YES;
				CLANG_WARN_OBJC_ROOT_CLASS = YES_ERROR;
				CLANG_WARN_RANGE_LOOP_ANALYSIS = YES;
				CLANG_WARN_STRICT_PROTOTYPES = YES;
				CLANG_WARN_SUSPICIOUS_MOVE = YES;
				CLANG_WARN_UNGUARDED_AVAILABILITY = YES_AGGRESSIVE;
				CLANG_WARN_UNREACHABLE_CODE = YES;
				CLANG_WARN__DUPLICATE_METHOD_MATCH = YES;
				COPY_PHASE_STRIP = NO;
				DEBUG_INFORMATION_FORMAT = dwarf;
				ENABLE_STRICT_OBJC_MSGSEND = YES;
				ENABLE_TESTABILITY = YES;
				GCC_C_LANGUAGE_STANDARD = gnu11;
				GCC_DYNAMIC_NO_PIC = NO;
				GCC_NO_COMMON_BLOCKS = YES;
				GCC_OPTIMIZATION_LEVEL = 0;
				GCC_PREPROCESSOR_DEFINITIONS = (
					"DEBUG=1",
					"$(inherited)",
				);
				GCC_WARN_64_TO_32_BIT_CONVERSION = YES;
				GCC_WARN_ABOUT_RETURN_TYPE = YES_ERROR;
				GCC_WARN_UNDECLARED_SELECTOR = YES;
				GCC_WARN_UNINITIALIZED_AUTOS = YES_AGGRESSIVE;
				GCC_WARN_UNUSED_FUNCTION = YES;
				GCC_WARN_UNUSED_VARIABLE = YES;
				IPHONEOS_DEPLOYMENT_TARGET = 13.1;
				MTL_ENABLE_DEBUG_INFO = INCLUDE_SOURCE;
				MTL_FAST_MATH = YES;
				ONLY_ACTIVE_ARCH = YES;
				SDKROOT = iphoneos;
				SWIFT_ACTIVE_COMPILATION_CONDITIONS = DEBUG;
				SWIFT_OPTIMIZATION_LEVEL = "-Onone";
			};
			name = Debug;
		};
		5D95F0D6234F61100032803E /* Release */ = {
			isa = XCBuildConfiguration;
			buildSettings = {
				ALWAYS_SEARCH_USER_PATHS = NO;
				CLANG_ANALYZER_NONNULL = YES;
				CLANG_ANALYZER_NUMBER_OBJECT_CONVERSION = YES_AGGRESSIVE;
				CLANG_CXX_LANGUAGE_STANDARD = "gnu++14";
				CLANG_CXX_LIBRARY = "libc++";
				CLANG_ENABLE_MODULES = YES;
				CLANG_ENABLE_OBJC_ARC = YES;
				CLANG_ENABLE_OBJC_WEAK = YES;
				CLANG_WARN_BLOCK_CAPTURE_AUTORELEASING = YES;
				CLANG_WARN_BOOL_CONVERSION = YES;
				CLANG_WARN_COMMA = YES;
				CLANG_WARN_CONSTANT_CONVERSION = YES;
				CLANG_WARN_DEPRECATED_OBJC_IMPLEMENTATIONS = YES;
				CLANG_WARN_DIRECT_OBJC_ISA_USAGE = YES_ERROR;
				CLANG_WARN_DOCUMENTATION_COMMENTS = YES;
				CLANG_WARN_EMPTY_BODY = YES;
				CLANG_WARN_ENUM_CONVERSION = YES;
				CLANG_WARN_INFINITE_RECURSION = YES;
				CLANG_WARN_INT_CONVERSION = YES;
				CLANG_WARN_NON_LITERAL_NULL_CONVERSION = YES;
				CLANG_WARN_OBJC_IMPLICIT_RETAIN_SELF = YES;
				CLANG_WARN_OBJC_LITERAL_CONVERSION = YES;
				CLANG_WARN_OBJC_ROOT_CLASS = YES_ERROR;
				CLANG_WARN_RANGE_LOOP_ANALYSIS = YES;
				CLANG_WARN_STRICT_PROTOTYPES = YES;
				CLANG_WARN_SUSPICIOUS_MOVE = YES;
				CLANG_WARN_UNGUARDED_AVAILABILITY = YES_AGGRESSIVE;
				CLANG_WARN_UNREACHABLE_CODE = YES;
				CLANG_WARN__DUPLICATE_METHOD_MATCH = YES;
				COPY_PHASE_STRIP = NO;
				DEBUG_INFORMATION_FORMAT = "dwarf-with-dsym";
				ENABLE_NS_ASSERTIONS = NO;
				ENABLE_STRICT_OBJC_MSGSEND = YES;
				GCC_C_LANGUAGE_STANDARD = gnu11;
				GCC_NO_COMMON_BLOCKS = YES;
				GCC_WARN_64_TO_32_BIT_CONVERSION = YES;
				GCC_WARN_ABOUT_RETURN_TYPE = YES_ERROR;
				GCC_WARN_UNDECLARED_SELECTOR = YES;
				GCC_WARN_UNINITIALIZED_AUTOS = YES_AGGRESSIVE;
				GCC_WARN_UNUSED_FUNCTION = YES;
				GCC_WARN_UNUSED_VARIABLE = YES;
				IPHONEOS_DEPLOYMENT_TARGET = 13.1;
				MTL_ENABLE_DEBUG_INFO = NO;
				MTL_FAST_MATH = YES;
				SDKROOT = iphoneos;
				SWIFT_COMPILATION_MODE = wholemodule;
				SWIFT_OPTIMIZATION_LEVEL = "-O";
				VALIDATE_PRODUCT = YES;
			};
			name = Release;
		};
		5D95F0D8234F61100032803E /* Debug */ = {
			isa = XCBuildConfiguration;
			baseConfigurationReference = CFDBCCBB9D7B9555FE3719B9 /* Pods-FileLoadTest.debug.xcconfig */;
			buildSettings = {
				ASSETCATALOG_COMPILER_APPICON_NAME = AppIcon;
				CODE_SIGN_STYLE = Automatic;
				DEVELOPMENT_TEAM = MRB58JNV9C;
				INFOPLIST_FILE = FileLoadTest/Info.plist;
				IPHONEOS_DEPLOYMENT_TARGET = 11.4;
				LD_RUNPATH_SEARCH_PATHS = (
					"$(inherited)",
					"@executable_path/Frameworks",
				);
				PRODUCT_BUNDLE_IDENTIFIER = com.evo.FileLoadTest;
				PRODUCT_NAME = "$(TARGET_NAME)";
				SWIFT_VERSION = 5.0;
				TARGETED_DEVICE_FAMILY = 1;
			};
			name = Debug;
		};
		5D95F0D9234F61100032803E /* Release */ = {
			isa = XCBuildConfiguration;
			baseConfigurationReference = 0DB57C8E952585087CD67AE9 /* Pods-FileLoadTest.release.xcconfig */;
			buildSettings = {
				ASSETCATALOG_COMPILER_APPICON_NAME = AppIcon;
				CODE_SIGN_STYLE = Automatic;
				DEVELOPMENT_TEAM = MRB58JNV9C;
				INFOPLIST_FILE = FileLoadTest/Info.plist;
				IPHONEOS_DEPLOYMENT_TARGET = 11.4;
				LD_RUNPATH_SEARCH_PATHS = (
					"$(inherited)",
					"@executable_path/Frameworks",
				);
				PRODUCT_BUNDLE_IDENTIFIER = com.evo.FileLoadTest;
				PRODUCT_NAME = "$(TARGET_NAME)";
				SWIFT_VERSION = 5.0;
				TARGETED_DEVICE_FAMILY = 1;
			};
			name = Release;
		};
/* End XCBuildConfiguration section */

/* Begin XCConfigurationList section */
		5D95F0BE234F610C0032803E /* Build configuration list for PBXProject "FileLoadTest" */ = {
			isa = XCConfigurationList;
			buildConfigurations = (
				5D95F0D5234F61100032803E /* Debug */,
				5D95F0D6234F61100032803E /* Release */,
			);
			defaultConfigurationIsVisible = 0;
			defaultConfigurationName = Release;
		};
		5D95F0D7234F61100032803E /* Build configuration list for PBXNativeTarget "FileLoadTest" */ = {
			isa = XCConfigurationList;
			buildConfigurations = (
				5D95F0D8234F61100032803E /* Debug */,
				5D95F0D9234F61100032803E /* Release */,
			);
			defaultConfigurationIsVisible = 0;
			defaultConfigurationName = Release;
		};
/* End XCConfigurationList section */
	};
	rootObject = 5D95F0BB234F610C0032803E /* Project object */;
}
